
Microsoft Visual Studio Solution File, Format Version 11.00
# Visual Studio 2010
Project("{FAE04EC0-301F-11D3-BF4B-00C04F79EFBC}") = "Back2Gammon", "Assembly-CSharp.csproj", "{BC7628C7-A69F-E960-EDD1-4376508F6A76}"
EndProject
Project("{FAE04EC0-301F-11D3-BF4B-00C04F79EFBC}") = "Back2Gammon", "Assembly-CSharp-Editor.csproj", "{22B4B697-B530-A7F6-540F-DF0C5DC47C31}"
EndProject
Global
	GlobalSection(SolutionConfigurationPlatforms) = preSolution
		Debug|Any CPU = Debug|Any CPU
		Release|Any CPU = Release|Any CPU
	EndGlobalSection
	GlobalSection(ProjectConfigurationPlatforms) = postSolution
		{BC7628C7-A69F-E960-EDD1-4376508F6A76}.Debug|Any CPU.ActiveCfg = Debug|Any CPU
		{BC7628C7-A69F-E960-EDD1-4376508F6A76}.Debug|Any CPU.Build.0 = Debug|Any CPU
		{BC7628C7-A69F-E960-EDD1-4376508F6A76}.Release|Any CPU.ActiveCfg = Release|Any CPU
		{BC7628C7-A69F-E960-EDD1-4376508F6A76}.Release|Any CPU.Build.0 = Release|Any CPU
		{22B4B697-B530-A7F6-540F-DF0C5DC47C31}.Debug|Any CPU.ActiveCfg = Debug|Any CPU
		{22B4B697-B530-A7F6-540F-DF0C5DC47C31}.Debug|Any CPU.Build.0 = Debug|Any CPU
		{22B4B697-B530-A7F6-540F-DF0C5DC47C31}.Release|Any CPU.ActiveCfg = Release|Any CPU
		{22B4B697-B530-A7F6-540F-DF0C5DC47C31}.Release|Any CPU.Build.0 = Release|Any CPU
	EndGlobalSection
	GlobalSection(SolutionProperties) = preSolution
		HideSolutionNode = FALSE
	EndGlobalSection
	GlobalSection(MonoDevelopProperties) = preSolution
		StartupItem = Assembly-CSharp.csproj
	EndGlobalSection
EndGlobal
